{
  "name": "notification-service",
  "lockfileVersion": 3,
  "requires": true,
  "packages": {
    "": {
      "dependencies": {
        "@iconify-icons/logos": "^1.2.36",
        "@iconify-icons/simple-icons": "^1.2.74",
        "lucide-react": "^1.8.0"
      }
    },
    "node_modules/@iconify-icons/logos": {
      "version": "1.2.36",
      "resolved": "https://registry.npmjs.org/@iconify-icons/logos/-/logos-1.2.36.tgz",
      "integrity": "sha512-VzF299ubR4SKCZzLJoAawxeSjszJV1Q6y+4chCIPQuAafqfjtDjZxagZxL3ILKCsRLNN/z3zmCOOAL83tC8kLw==",
      "license": "CC0-1.0",
      "dependencies": {
        "@iconify/types": "*"
      }
    },
    "node_modules/@iconify-icons/simple-icons": {
      "version": "1.2.74",
      "resolved": "https://registry.npmjs.org/@iconify-icons/simple-icons/-/simple-icons-1.2.74.tgz",
      "integrity": "sha512-FWmuSbg+KDUreysuaE8DYu/jbv4+FtSY+ppAi8w8sgX9CKTP6watB+PLeMbklOL/G5PnBlHnvM/ihkZ+n96OZw==",
      "license": "CC0-1.0",
      "dependencies": {
        "@iconify/types": "*"
      }
    },
    "node_modules/@iconify/types": {
      "version": "2.0.0",
      "resolved": "https://registry.npmjs.org/@iconify/types/-/types-2.0.0.tgz",
      "integrity": "sha512-+wluvCrRhXrhyOmRDJ3q8mux9JkKy5SJ/v8ol2tu4FVjyYvtEzkc/3pK15ET6RKg4b4w4BmTk1+gsCUhf21Ykg==",
      "license": "MIT"
    },
    "node_modules/lucide-react": {
      "version": "1.8.0",
      "resolved": "https://registry.npmjs.org/lucide-react/-/lucide-react-1.8.0.tgz",
      "integrity": "sha512-WuvlsjngSk7TnTBJ1hsCy3ql9V9VOdcPkd3PKcSmM34vJD8KG6molxz7m7zbYFgICwsanQWmJ13JlYs4Zp7Arw==",
      "license": "ISC",
      "peerDependencies": {
        "react": "^16.5.1 || ^17.0.0 || ^18.0.0 || ^19.0.0"
      }
    },
    "node_modules/react": {
      "version": "19.2.5",
      "resolved": "https://registry.npmjs.org/react/-/react-19.2.5.tgz",
      "integrity": "sha512-llUJLzz1zTUBrskt2pwZgLq59AemifIftw4aB7JxOqf1HY2FDaGDxgwpAPVzHU1kdWabH7FauP4i1oEeer2WCA==",
      "license": "MIT",
      "peer": true,
      "engines": {
        "node": ">=0.10.0"
      }
    }
  }
}
